
Microsoft Visual Studio Solution File, Format Version 12.00
# Visual Studio Version 16
VisualStudioVersion = 16.0.30114.105
MinimumVisualStudioVersion = 10.0.40219.1
Project("{FAE04EC0-301F-11D3-BF4B-00C04F79EFBC}") = "ProEventos.Application", "ProEventos.Application\ProEventos.Application.csproj", "{5FBB694B-DD84-45E6-90B9-D327CEA3C78B}"
EndProject
Project("{FAE04EC0-301F-11D3-BF4B-00C04F79EFBC}") = "ProEventos.Domain", "ProEventos.Domain\ProEventos.Domain.csproj", "{ADB33438-DF3E-447C-A890-95C5A36589F6}"
EndProject
Project("{FAE04EC0-301F-11D3-BF4B-00C04F79EFBC}") = "ProEventos.API", "ProEventos.API\ProEventos.API.csproj", "{DB3A0191-00B0-41BC-BF42-B66DF51C1F94}"
EndProject
Project("{FAE04EC0-301F-11D3-BF4B-00C04F79EFBC}") = "ProEventos.Persistence", "ProEventos.Persistence\ProEventos.Persistence.csproj", "{B68CEB90-BCA1-49CE-B9BC-A9465BDDF009}"
EndProject
Global
	GlobalSection(SolutionConfigurationPlatforms) = preSolution
		Debug|Any CPU = Debug|Any CPU
		Debug|x64 = Debug|x64
		Debug|x86 = Debug|x86
		Release|Any CPU = Release|Any CPU
		Release|x64 = Release|x64
		Release|x86 = Release|x86
	EndGlobalSection
	GlobalSection(SolutionProperties) = preSolution
		HideSolutionNode = FALSE
	EndGlobalSection
	GlobalSection(ProjectConfigurationPlatforms) = postSolution
		{5FBB694B-DD84-45E6-90B9-D327CEA3C78B}.Debug|Any CPU.ActiveCfg = Debug|Any CPU
		{5FBB694B-DD84-45E6-90B9-D327CEA3C78B}.Debug|Any CPU.Build.0 = Debug|Any CPU
		{5FBB694B-DD84-45E6-90B9-D327CEA3C78B}.Debug|x64.ActiveCfg = Debug|Any CPU
		{5FBB694B-DD84-45E6-90B9-D327CEA3C78B}.Debug|x64.Build.0 = Debug|Any CPU
		{5FBB694B-DD84-45E6-90B9-D327CEA3C78B}.Debug|x86.ActiveCfg = Debug|Any CPU
		{5FBB694B-DD84-45E6-90B9-D327CEA3C78B}.Debug|x86.Build.0 = Debug|Any CPU
		{5FBB694B-DD84-45E6-90B9-D327CEA3C78B}.Release|Any CPU.ActiveCfg = Release|Any CPU
		{5FBB694B-DD84-45E6-90B9-D327CEA3C78B}.Release|Any CPU.Build.0 = Release|Any CPU
		{5FBB694B-DD84-45E6-90B9-D327CEA3C78B}.Release|x64.ActiveCfg = Release|Any CPU
		{5FBB694B-DD84-45E6-90B9-D327CEA3C78B}.Release|x64.Build.0 = Release|Any CPU
		{5FBB694B-DD84-45E6-90B9-D327CEA3C78B}.Release|x86.ActiveCfg = Release|Any CPU
		{5FBB694B-DD84-45E6-90B9-D327CEA3C78B}.Release|x86.Build.0 = Release|Any CPU
		{ADB33438-DF3E-447C-A890-95C5A36589F6}.Debug|Any CPU.ActiveCfg = Debug|Any CPU
		{ADB33438-DF3E-447C-A890-95C5A36589F6}.Debug|Any CPU.Build.0 = Debug|Any CPU
		{ADB33438-DF3E-447C-A890-95C5A36589F6}.Debug|x64.ActiveCfg = Debug|Any CPU
		{ADB33438-DF3E-447C-A890-95C5A36589F6}.Debug|x64.Build.0 = Debug|Any CPU
		{ADB33438-DF3E-447C-A890-95C5A36589F6}.Debug|x86.ActiveCfg = Debug|Any CPU
		{ADB33438-DF3E-447C-A890-95C5A36589F6}.Debug|x86.Build.0 = Debug|Any CPU
		{ADB33438-DF3E-447C-A890-95C5A36589F6}.Release|Any CPU.ActiveCfg = Release|Any CPU
		{ADB33438-DF3E-447C-A890-95C5A36589F6}.Release|Any CPU.Build.0 = Release|Any CPU
		{ADB33438-DF3E-447C-A890-95C5A36589F6}.Release|x64.ActiveCfg = Release|Any CPU
		{ADB33438-DF3E-447C-A890-95C5A36589F6}.Release|x64.Build.0 = Release|Any CPU
		{ADB33438-DF3E-447C-A890-95C5A36589F6}.Release|x86.ActiveCfg = Release|Any CPU
		{ADB33438-DF3E-447C-A890-95C5A36589F6}.Release|x86.Build.0 = Release|Any CPU
		{DB3A0191-00B0-41BC-BF42-B66DF51C1F94}.Debug|Any CPU.ActiveCfg = Debug|Any CPU
		{DB3A0191-00B0-41BC-BF42-B66DF51C1F94}.Debug|Any CPU.Build.0 = Debug|Any CPU
		{DB3A0191-00B0-41BC-BF42-B66DF51C1F94}.Debug|x64.ActiveCfg = Debug|Any CPU
		{DB3A0191-00B0-41BC-BF42-B66DF51C1F94}.Debug|x64.Build.0 = Debug|Any CPU
		{DB3A0191-00B0-41BC-BF42-B66DF51C1F94}.Debug|x86.ActiveCfg = Debug|Any CPU
		{DB3A0191-00B0-41BC-BF42-B66DF51C1F94}.Debug|x86.Build.0 = Debug|Any CPU
		{DB3A0191-00B0-41BC-BF42-B66DF51C1F94}.Release|Any CPU.ActiveCfg = Release|Any CPU
		{DB3A0191-00B0-41BC-BF42-B66DF51C1F94}.Release|Any CPU.Build.0 = Release|Any CPU
		{DB3A0191-00B0-41BC-BF42-B66DF51C1F94}.Release|x64.ActiveCfg = Release|Any CPU
		{DB3A0191-00B0-41BC-BF42-B66DF51C1F94}.Release|x64.Build.0 = Release|Any CPU
		{DB3A0191-00B0-41BC-BF42-B66DF51C1F94}.Release|x86.ActiveCfg = Release|Any CPU
		{DB3A0191-00B0-41BC-BF42-B66DF51C1F94}.Release|x86.Build.0 = Release|Any CPU
		{B68CEB90-BCA1-49CE-B9BC-A9465BDDF009}.Debug|Any CPU.ActiveCfg = Debug|Any CPU
		{B68CEB90-BCA1-49CE-B9BC-A9465BDDF009}.Debug|Any CPU.Build.0 = Debug|Any CPU
		{B68CEB90-BCA1-49CE-B9BC-A9465BDDF009}.Debug|x64.ActiveCfg = Debug|Any CPU
		{B68CEB90-BCA1-49CE-B9BC-A9465BDDF009}.Debug|x64.Build.0 = Debug|Any CPU
		{B68CEB90-BCA1-49CE-B9BC-A9465BDDF009}.Debug|x86.ActiveCfg = Debug|Any CPU
		{B68CEB90-BCA1-49CE-B9BC-A9465BDDF009}.Debug|x86.Build.0 = Debug|Any CPU
		{B68CEB90-BCA1-49CE-B9BC-A9465BDDF009}.Release|Any CPU.ActiveCfg = Release|Any CPU
		{B68CEB90-BCA1-49CE-B9BC-A9465BDDF009}.Release|Any CPU.Build.0 = Release|Any CPU
		{B68CEB90-BCA1-49CE-B9BC-A9465BDDF009}.Release|x64.ActiveCfg = Release|Any CPU
		{B68CEB90-BCA1-49CE-B9BC-A9465BDDF009}.Release|x64.Build.0 = Release|Any CPU
		{B68CEB90-BCA1-49CE-B9BC-A9465BDDF009}.Release|x86.ActiveCfg = Release|Any CPU
		{B68CEB90-BCA1-49CE-B9BC-A9465BDDF009}.Release|x86.Build.0 = Release|Any CPU
	EndGlobalSection
EndGlobal
